// !$*UTF8*$!
{
	archiveVersion = 1;
	classes = {
	};
	objectVersion = 50;
	objects = {

/* Begin PBXBuildFile section */
		295E6993880DE8A34C04ED24 /* Pods_CLORenderExperiment.framework in Frameworks */ = {isa = PBXBuildFile; fileRef = 5C9604138C872D50C9DC789D /* Pods_CLORenderExperiment.framework */; };
		F6076E8A20B645F400FA708F /* PTPenRegisterViewController.swift in Sources */ = {isa = PBXBuildFile; fileRef = F6076E8820B645F400FA708F /* PTPenRegisterViewController.swift */; };
		F6076E9120B6489C00FA708F /* DBModel.xcdatamodeld in Sources */ = {isa = PBXBuildFile; fileRef = F6076E8E20B6489B00FA708F /* DBModel.xcdatamodeld */; };
		F6076E9220B6489C00FA708F /* PTDBManager.swift in Sources */ = {isa = PBXBuildFile; fileRef = F6076E9020B6489C00FA708F /* PTDBManager.swift */; };
		F6076E9420B64F0900FA708F /* INDotCircleRender.swift in Sources */ = {isa = PBXBuildFile; fileRef = F6076E9320B64F0900FA708F /* INDotCircleRender.swift */; };
		F6076E9820B680FD00FA708F /* SettingStore.swift in Sources */ = {isa = PBXBuildFile; fileRef = F6076E9720B680FD00FA708F /* SettingStore.swift */; };
		F612240720CA06C100B7277A /* CGMath.swift in Sources */ = {isa = PBXBuildFile; fileRef = F612240620CA06C100B7277A /* CGMath.swift */; };
		F6281FE220E489FE0004BA1C /* INSelectionView.swift in Sources */ = {isa = PBXBuildFile; fileRef = F6281FE120E489FE0004BA1C /* INSelectionView.swift */; };
		F644B67820B7B7F10047136C /* TransformTestViewController.swift in Sources */ = {isa = PBXBuildFile; fileRef = F644B67720B7B7F10047136C /* TransformTestViewController.swift */; };
		F64BEE5720AC5CBC00525E2F /* INPageView.swift in Sources */ = {isa = PBXBuildFile; fileRef = F64BEE5620AC5CBC00525E2F /* INPageView.swift */; };
		F64BEE5920AC85F100525E2F /* SliderViewController.swift in Sources */ = {isa = PBXBuildFile; fileRef = F64BEE5820AC85F100525E2F /* SliderViewController.swift */; };
		F6685EB720A45D0D0052F8EB /* AppDelegate.swift in Sources */ = {isa = PBXBuildFile; fileRef = F6685EB620A45D0D0052F8EB /* AppDelegate.swift */; };
		F6685EB920A45D0D0052F8EB /* ViewController.swift in Sources */ = {isa = PBXBuildFile; fileRef = F6685EB820A45D0D0052F8EB /* ViewController.swift */; };
		F6685EBC20A45D0D0052F8EB /* Main.storyboard in Resources */ = {isa = PBXBuildFile; fileRef = F6685EBA20A45D0D0052F8EB /* Main.storyboard */; };
		F6685EBE20A45D0E0052F8EB /* Assets.xcassets in Resources */ = {isa = PBXBuildFile; fileRef = F6685EBD20A45D0E0052F8EB /* Assets.xcassets */; };
		F6685EC120A45D0E0052F8EB /* LaunchScreen.storyboard in Resources */ = {isa = PBXBuildFile; fileRef = F6685EBF20A45D0E0052F8EB /* LaunchScreen.storyboard */; };
		F6685EE720A45D580052F8EB /* INPageScrollView.swift in Sources */ = {isa = PBXBuildFile; fileRef = F6685EE520A45D580052F8EB /* INPageScrollView.swift */; };
		F6685EED20A45DB40052F8EB /* INDocument.swift in Sources */ = {isa = PBXBuildFile; fileRef = F6685EEA20A45DB40052F8EB /* INDocument.swift */; };
		F6685EEE20A45DB40052F8EB /* INPage.swift in Sources */ = {isa = PBXBuildFile; fileRef = F6685EEB20A45DB40052F8EB /* INPage.swift */; };
		F6685EEF20A45DB40052F8EB /* INStroke.swift in Sources */ = {isa = PBXBuildFile; fileRef = F6685EEC20A45DB40052F8EB /* INStroke.swift */; };
		F6685EFF20A45DDA0052F8EB /* NPDot.m in Sources */ = {isa = PBXBuildFile; fileRef = F6685EF320A45DDA0052F8EB /* NPDot.m */; };
		F6685F0020A45DDA0052F8EB /* NPPenRegInfo.m in Sources */ = {isa = PBXBuildFile; fileRef = F6685EF520A45DDA0052F8EB /* NPPenRegInfo.m */; };
		F6685F0120A45DDA0052F8EB /* NPStroke.m in Sources */ = {isa = PBXBuildFile; fileRef = F6685EF720A45DDA0052F8EB /* NPStroke.m */; };
		F6685F0220A45DDA0052F8EB /* NPCommManager.m in Sources */ = {isa = PBXBuildFile; fileRef = F6685EFA20A45DDA0052F8EB /* NPCommManager.m */; };
		F6685F0320A45DDA0052F8EB /* NPCommParser.m in Sources */ = {isa = PBXBuildFile; fileRef = F6685EFC20A45DDA0052F8EB /* NPCommParser.m */; };
		F6685F0420A45DDA0052F8EB /* NPDotChecker.m in Sources */ = {isa = PBXBuildFile; fileRef = F6685EFE20A45DDA0052F8EB /* NPDotChecker.m */; };
		F6685F0620A45E230052F8EB /* INDot.swift in Sources */ = {isa = PBXBuildFile; fileRef = F6685F0520A45E230052F8EB /* INDot.swift */; };
		F6685F0A20A45F7F0052F8EB /* Utils.swift in Sources */ = {isa = PBXBuildFile; fileRef = F6685F0920A45F7F0052F8EB /* Utils.swift */; };
		F6685F0C20A460E70052F8EB /* INPageMeta.swift in Sources */ = {isa = PBXBuildFile; fileRef = F6685F0B20A460E70052F8EB /* INPageMeta.swift */; };
		F6E326C420B54BF900C39452 /* INRenderProtocol.swift in Sources */ = {isa = PBXBuildFile; fileRef = F6E326C320B54BF900C39452 /* INRenderProtocol.swift */; };
		F6E326C620B54C4800C39452 /* INFountainRender.swift in Sources */ = {isa = PBXBuildFile; fileRef = F6E326C520B54C4800C39452 /* INFountainRender.swift */; };
		F6E326C820B581D500C39452 /* INRenderUtils.swift in Sources */ = {isa = PBXBuildFile; fileRef = F6E326C720B581D500C39452 /* INRenderUtils.swift */; };
		F6E326CC20B59A9D00C39452 /* INNeonRender.swift in Sources */ = {isa = PBXBuildFile; fileRef = F6E326CB20B59A9D00C39452 /* INNeonRender.swift */; };
		F6E326CE20B5A16F00C39452 /* INNeoPenRender.swift in Sources */ = {isa = PBXBuildFile; fileRef = F6E326CD20B5A16F00C39452 /* INNeoPenRender.swift */; };
		F6E326D020B6FAB500C39452 /* Simplify.swift in Sources */ = {isa = PBXBuildFile; fileRef = F6E326CF20B6FAB400C39452 /* Simplify.swift */; };
/* End PBXBuildFile section */

/* Begin PBXContainerItemProxy section */
		F6685EC820A45D0E0052F8EB /* PBXContainerItemProxy */ = {
			isa = PBXContainerItemProxy;
			containerPortal = F6685EAB20A45D0D0052F8EB /* Project object */;
			proxyType = 1;
			remoteGlobalIDString = F6685EB220A45D0D0052F8EB;
			remoteInfo = CLORenderExperiment;
		};
		F6685ED320A45D0E0052F8EB /* PBXContainerItemProxy */ = {
			isa = PBXContainerItemProxy;
			containerPortal = F6685EAB20A45D0D0052F8EB /* Project object */;
			proxyType = 1;
			remoteGlobalIDString = F6685EB220A45D0D0052F8EB;
			remoteInfo = CLORenderExperiment;
		};
/* End PBXContainerItemProxy section */

/* Begin PBXFileReference section */
		116DEF0F86F5FD322C2156E9 /* Pods-CLORenderExperiment.debug.xcconfig */ = {isa = PBXFileReference; includeInIndex = 1; lastKnownFileType = text.xcconfig; name = "Pods-CLORenderExperiment.debug.xcconfig"; path = "Pods/Target Support Files/Pods-CLORenderExperiment/Pods-CLORenderExperiment.debug.xcconfig"; sourceTree = "<group>"; };
		5C9604138C872D50C9DC789D /* Pods_CLORenderExperiment.framework */ = {isa = PBXFileReference; explicitFileType = wrapper.framework; includeInIndex = 0; path = Pods_CLORenderExperiment.framework; sourceTree = BUILT_PRODUCTS_DIR; };
		C21E6C28A8530D8D12B41963 /* Pods-CLORenderExperiment.release.xcconfig */ = {isa = PBXFileReference; includeInIndex = 1; lastKnownFileType = text.xcconfig; name = "Pods-CLORenderExperiment.release.xcconfig"; path = "Pods/Target Support Files/Pods-CLORenderExperiment/Pods-CLORenderExperiment.release.xcconfig"; sourceTree = "<group>"; };
		F6076E8820B645F400FA708F /* PTPenRegisterViewController.swift */ = {isa = PBXFileReference; fileEncoding = 4; lastKnownFileType = sourcecode.swift; path = PTPenRegisterViewController.swift; sourceTree = "<group>"; };
		F6076E8F20B6489B00FA708F /* DBModel.xcdatamodel */ = {isa = PBXFileReference; lastKnownFileType = wrapper.xcdatamodel; path = DBModel.xcdatamodel; sourceTree = "<group>"; };
		F6076E9020B6489C00FA708F /* PTDBManager.swift */ = {isa = PBXFileReference; fileEncoding = 4; lastKnownFileType = sourcecode.swift; path = PTDBManager.swift; sourceTree = "<group>"; };
		F6076E9320B64F0900FA708F /* INDotCircleRender.swift */ = {isa = PBXFileReference; lastKnownFileType = sourcecode.swift; path = INDotCircleRender.swift; sourceTree = "<group>"; };
		F6076E9720B680FD00FA708F /* SettingStore.swift */ = {isa = PBXFileReference; fileEncoding = 4; lastKnownFileType = sourcecode.swift; path = SettingStore.swift; sourceTree = "<group>"; };
		F612240620CA06C100B7277A /* CGMath.swift */ = {isa = PBXFileReference; fileEncoding = 4; lastKnownFileType = sourcecode.swift; path = CGMath.swift; sourceTree = "<group>"; };
		F6281FE120E489FE0004BA1C /* INSelectionView.swift */ = {isa = PBXFileReference; lastKnownFileType = sourcecode.swift; path = INSelectionView.swift; sourceTree = "<group>"; };
		F644B67720B7B7F10047136C /* TransformTestViewController.swift */ = {isa = PBXFileReference; lastKnownFileType = sourcecode.swift; name = TransformTestViewController.swift; path = ViewControllers/TransformTestViewController.swift; sourceTree = "<group>"; };
		F64BEE5620AC5CBC00525E2F /* INPageView.swift */ = {isa = PBXFileReference; lastKnownFileType = sourcecode.swift; path = INPageView.swift; sourceTree = "<group>"; };
		F64BEE5820AC85F100525E2F /* SliderViewController.swift */ = {isa = PBXFileReference; lastKnownFileType = sourcecode.swift; path = SliderViewController.swift; sourceTree = "<group>"; };
		F6685EB320A45D0D0052F8EB /* CLORenderExperiment.app */ = {isa = PBXFileReference; explicitFileType = wrapper.application; includeInIndex = 0; path = CLORenderExperiment.app; sourceTree = BUILT_PRODUCTS_DIR; };
		F6685EB620A45D0D0052F8EB /* AppDelegate.swift */ = {isa = PBXFileReference; lastKnownFileType = sourcecode.swift; path = AppDelegate.swift; sourceTree = "<group>"; };
		F6685EB820A45D0D0052F8EB /* ViewController.swift */ = {isa = PBXFileReference; lastKnownFileType = sourcecode.swift; path = ViewController.swift; sourceTree = "<group>"; };
		F6685EBB20A45D0D0052F8EB /* Base */ = {isa = PBXFileReference; lastKnownFileType = file.storyboard; name = Base; path = Base.lproj/Main.storyboard; sourceTree = "<group>"; };
		F6685EBD20A45D0E0052F8EB /* Assets.xcassets */ = {isa = PBXFileReference; lastKnownFileType = folder.assetcatalog; path = Assets.xcassets; sourceTree = "<group>"; };
		F6685EC020A45D0E0052F8EB /* Base */ = {isa = PBXFileReference; lastKnownFileType = file.storyboard; name = Base; path = Base.lproj/LaunchScreen.storyboard; sourceTree = "<group>"; };
		F6685EC220A45D0E0052F8EB /* Info.plist */ = {isa = PBXFileReference; lastKnownFileType = text.plist.xml; path = Info.plist; sourceTree = "<group>"; };
		F6685EC720A45D0E0052F8EB /* CLORenderExperimentTests.xctest */ = {isa = PBXFileReference; explicitFileType = wrapper.cfbundle; includeInIndex = 0; path = CLORenderExperimentTests.xctest; sourceTree = BUILT_PRODUCTS_DIR; };
		F6685ED220A45D0E0052F8EB /* CLORenderExperimentUITests.xctest */ = {isa = PBXFileReference; explicitFileType = wrapper.cfbundle; includeInIndex = 0; path = CLORenderExperimentUITests.xctest; sourceTree = BUILT_PRODUCTS_DIR; };
		F6685EE520A45D580052F8EB /* INPageScrollView.swift */ = {isa = PBXFileReference; fileEncoding = 4; lastKnownFileType = sourcecode.swift; path = INPageScrollView.swift; sourceTree = "<group>"; };
		F6685EEA20A45DB40052F8EB /* INDocument.swift */ = {isa = PBXFileReference; fileEncoding = 4; lastKnownFileType = sourcecode.swift; path = INDocument.swift; sourceTree = "<group>"; };
		F6685EEB20A45DB40052F8EB /* INPage.swift */ = {isa = PBXFileReference; fileEncoding = 4; lastKnownFileType = sourcecode.swift; path = INPage.swift; sourceTree = "<group>"; };
		F6685EEC20A45DB40052F8EB /* INStroke.swift */ = {isa = PBXFileReference; fileEncoding = 4; lastKnownFileType = sourcecode.swift; path = INStroke.swift; sourceTree = "<group>"; };
		F6685EF220A45DDA0052F8EB /* NPDot.h */ = {isa = PBXFileReference; fileEncoding = 4; lastKnownFileType = sourcecode.c.h; path = NPDot.h; sourceTree = "<group>"; };
		F6685EF320A45DDA0052F8EB /* NPDot.m */ = {isa = PBXFileReference; fileEncoding = 4; lastKnownFileType = sourcecode.c.objc; path = NPDot.m; sourceTree = "<group>"; };
		F6685EF420A45DDA0052F8EB /* NPPenRegInfo.h */ = {isa = PBXFileReference; fileEncoding = 4; lastKnownFileType = sourcecode.c.h; path = NPPenRegInfo.h; sourceTree = "<group>"; };
		F6685EF520A45DDA0052F8EB /* NPPenRegInfo.m */ = {isa = PBXFileReference; fileEncoding = 4; lastKnownFileType = sourcecode.c.objc; path = NPPenRegInfo.m; sourceTree = "<group>"; };
		F6685EF620A45DDA0052F8EB /* NPStroke.h */ = {isa = PBXFileReference; fileEncoding = 4; lastKnownFileType = sourcecode.c.h; path = NPStroke.h; sourceTree = "<group>"; };
		F6685EF720A45DDA0052F8EB /* NPStroke.m */ = {isa = PBXFileReference; fileEncoding = 4; lastKnownFileType = sourcecode.c.objc; path = NPStroke.m; sourceTree = "<group>"; };
		F6685EF820A45DDA0052F8EB /* NeoPenService.h */ = {isa = PBXFileReference; fileEncoding = 4; lastKnownFileType = sourcecode.c.h; path = NeoPenService.h; sourceTree = "<group>"; };
		F6685EF920A45DDA0052F8EB /* NPCommManager.h */ = {isa = PBXFileReference; fileEncoding = 4; lastKnownFileType = sourcecode.c.h; path = NPCommManager.h; sourceTree = "<group>"; };
		F6685EFA20A45DDA0052F8EB /* NPCommManager.m */ = {isa = PBXFileReference; fileEncoding = 4; lastKnownFileType = sourcecode.c.objc; path = NPCommManager.m; sourceTree = "<group>"; };
		F6685EFB20A45DDA0052F8EB /* NPCommParser.h */ = {isa = PBXFileReference; fileEncoding = 4; lastKnownFileType = sourcecode.c.h; path = NPCommParser.h; sourceTree = "<group>"; };
		F6685EFC20A45DDA0052F8EB /* NPCommParser.m */ = {isa = PBXFileReference; fileEncoding = 4; lastKnownFileType = sourcecode.c.objc; path = NPCommParser.m; sourceTree = "<group>"; };
		F6685EFD20A45DDA0052F8EB /* NPDotChecker.h */ = {isa = PBXFileReference; fileEncoding = 4; lastKnownFileType = sourcecode.c.h; path = NPDotChecker.h; sourceTree = "<group>"; };
		F6685EFE20A45DDA0052F8EB /* NPDotChecker.m */ = {isa = PBXFileReference; fileEncoding = 4; lastKnownFileType = sourcecode.c.objc; path = NPDotChecker.m; sourceTree = "<group>"; };
		F6685F0520A45E230052F8EB /* INDot.swift */ = {isa = PBXFileReference; fileEncoding = 4; lastKnownFileType = sourcecode.swift; path = INDot.swift; sourceTree = "<group>"; };
		F6685F0820A45EB80052F8EB /* CLORenderExperiment-Bridging-Header.h */ = {isa = PBXFileReference; fileEncoding = 4; lastKnownFileType = sourcecode.c.h; path = "CLORenderExperiment-Bridging-Header.h"; sourceTree = "<group>"; };
		F6685F0920A45F7F0052F8EB /* Utils.swift */ = {isa = PBXFileReference; fileEncoding = 4; lastKnownFileType = sourcecode.swift; path = Utils.swift; sourceTree = "<group>"; };
		F6685F0B20A460E70052F8EB /* INPageMeta.swift */ = {isa = PBXFileReference; fileEncoding = 4; lastKnownFileType = sourcecode.swift; path = INPageMeta.swift; sourceTree = "<group>"; };
		F6E326C320B54BF900C39452 /* INRenderProtocol.swift */ = {isa = PBXFileReference; lastKnownFileType = sourcecode.swift; path = INRenderProtocol.swift; sourceTree = "<group>"; };
		F6E326C520B54C4800C39452 /* INFountainRender.swift */ = {isa = PBXFileReference; lastKnownFileType = sourcecode.swift; path = INFountainRender.swift; sourceTree = "<group>"; };
		F6E326C720B581D500C39452 /* INRenderUtils.swift */ = {isa = PBXFileReference; lastKnownFileType = sourcecode.swift; path = INRenderUtils.swift; sourceTree = "<group>"; };
		F6E326CB20B59A9D00C39452 /* INNeonRender.swift */ = {isa = PBXFileReference; lastKnownFileType = sourcecode.swift; path = INNeonRender.swift; sourceTree = "<group>"; };
		F6E326CD20B5A16F00C39452 /* INNeoPenRender.swift */ = {isa = PBXFileReference; lastKnownFileType = sourcecode.swift; path = INNeoPenRender.swift; sourceTree = "<group>"; };
		F6E326CF20B6FAB400C39452 /* Simplify.swift */ = {isa = PBXFileReference; fileEncoding = 4; lastKnownFileType = sourcecode.swift; path = Simplify.swift; sourceTree = "<group>"; };
/* End PBXFileReference section */

/* Begin PBXFrameworksBuildPhase section */
		F6685EB020A45D0D0052F8EB /* Frameworks */ = {
			isa = PBXFrameworksBuildPhase;
			buildActionMask = 2147483647;
			files = (
				295E6993880DE8A34C04ED24 /* Pods_CLORenderExperiment.framework in Frameworks */,
			);
			runOnlyForDeploymentPostprocessing = 0;
		};
		F6685EC420A45D0E0052F8EB /* Frameworks */ = {
			isa = PBXFrameworksBuildPhase;
			buildActionMask = 2147483647;
			files = (
			);
			runOnlyForDeploymentPostprocessing = 0;
		};
		F6685ECF20A45D0E0052F8EB /* Frameworks */ = {
			isa = PBXFrameworksBuildPhase;
			buildActionMask = 2147483647;
			files = (
			);
			runOnlyForDeploymentPostprocessing = 0;
		};
/* End PBXFrameworksBuildPhase section */

/* Begin PBXGroup section */
		45E47255439D5830055C28E1 /* Pods */ = {
			isa = PBXGroup;
			children = (
				116DEF0F86F5FD322C2156E9 /* Pods-CLORenderExperiment.debug.xcconfig */,
				C21E6C28A8530D8D12B41963 /* Pods-CLORenderExperiment.release.xcconfig */,
			);
			name = Pods;
			sourceTree = "<group>";
		};
		981926CAB1091289D3D4D868 /* Frameworks */ = {
			isa = PBXGroup;
			children = (
				5C9604138C872D50C9DC789D /* Pods_CLORenderExperiment.framework */,
			);
			name = Frameworks;
			sourceTree = "<group>";
		};
		F6076E8720B645F400FA708F /* PenRegister */ = {
			isa = PBXGroup;
			children = (
				F6076E8E20B6489B00FA708F /* DBModel.xcdatamodeld */,
				F6076E9020B6489C00FA708F /* PTDBManager.swift */,
				F6076E8820B645F400FA708F /* PTPenRegisterViewController.swift */,
			);
			path = PenRegister;
			sourceTree = "<group>";
		};
		F6685EAA20A45D0D0052F8EB = {
			isa = PBXGroup;
			children = (
				F6685EF020A45DDA0052F8EB /* NSPenSDK */,
				F6685EB520A45D0D0052F8EB /* CLORenderExperiment */,
				F6685EB420A45D0D0052F8EB /* Products */,
				45E47255439D5830055C28E1 /* Pods */,
				981926CAB1091289D3D4D868 /* Frameworks */,
			);
			sourceTree = "<group>";
		};
		F6685EB420A45D0D0052F8EB /* Products */ = {
			isa = PBXGroup;
			children = (
				F6685EB320A45D0D0052F8EB /* CLORenderExperiment.app */,
				F6685EC720A45D0E0052F8EB /* CLORenderExperimentTests.xctest */,
				F6685ED220A45D0E0052F8EB /* CLORenderExperimentUITests.xctest */,
			);
			name = Products;
			sourceTree = "<group>";
		};
		F6685EB520A45D0D0052F8EB /* CLORenderExperiment */ = {
			isa = PBXGroup;
			children = (
				F6685F0720A45EB80052F8EB /* Supportings */,
				F6685EE920A45DB40052F8EB /* Models */,
				F6685EE420A45D580052F8EB /* Views */,
				F6685EB620A45D0D0052F8EB /* AppDelegate.swift */,
				F6685EB820A45D0D0052F8EB /* ViewController.swift */,
				F64BEE5820AC85F100525E2F /* SliderViewController.swift */,
				F6076E9720B680FD00FA708F /* SettingStore.swift */,
				F6685EBA20A45D0D0052F8EB /* Main.storyboard */,
				F6685EBD20A45D0E0052F8EB /* Assets.xcassets */,
				F6685EBF20A45D0E0052F8EB /* LaunchScreen.storyboard */,
				F6685EC220A45D0E0052F8EB /* Info.plist */,
				F644B67720B7B7F10047136C /* TransformTestViewController.swift */,
			);
			path = CLORenderExperiment;
			sourceTree = "<group>";
		};
		F6685EE420A45D580052F8EB /* Views */ = {
			isa = PBXGroup;
			children = (
				F6685EE520A45D580052F8EB /* INPageScrollView.swift */,
				F64BEE5620AC5CBC00525E2F /* INPageView.swift */,
				F6281FE120E489FE0004BA1C /* INSelectionView.swift */,
			);
			path = Views;
			sourceTree = "<group>";
		};
		F6685EE920A45DB40052F8EB /* Models */ = {
			isa = PBXGroup;
			children = (
				F6E326C220B54BDE00C39452 /* INRenderer */,
				F6685F0520A45E230052F8EB /* INDot.swift */,
				F6685EEA20A45DB40052F8EB /* INDocument.swift */,
				F6685EEB20A45DB40052F8EB /* INPage.swift */,
				F6685EEC20A45DB40052F8EB /* INStroke.swift */,
				F6685F0B20A460E70052F8EB /* INPageMeta.swift */,
			);
			path = Models;
			sourceTree = "<group>";
		};
		F6685EF020A45DDA0052F8EB /* NSPenSDK */ = {
			isa = PBXGroup;
			children = (
				F6076E8720B645F400FA708F /* PenRegister */,
				F6685EF120A45DDA0052F8EB /* Models */,
				F6685EF820A45DDA0052F8EB /* NeoPenService.h */,
				F6685EF920A45DDA0052F8EB /* NPCommManager.h */,
				F6685EFA20A45DDA0052F8EB /* NPCommManager.m */,
				F6685EFB20A45DDA0052F8EB /* NPCommParser.h */,
				F6685EFC20A45DDA0052F8EB /* NPCommParser.m */,
				F6685EFD20A45DDA0052F8EB /* NPDotChecker.h */,
				F6685EFE20A45DDA0052F8EB /* NPDotChecker.m */,
			);
			path = NSPenSDK;
			sourceTree = SOURCE_ROOT;
		};
		F6685EF120A45DDA0052F8EB /* Models */ = {
			isa = PBXGroup;
			children = (
				F6685EF220A45DDA0052F8EB /* NPDot.h */,
				F6685EF320A45DDA0052F8EB /* NPDot.m */,
				F6685EF420A45DDA0052F8EB /* NPPenRegInfo.h */,
				F6685EF520A45DDA0052F8EB /* NPPenRegInfo.m */,
				F6685EF620A45DDA0052F8EB /* NPStroke.h */,
				F6685EF720A45DDA0052F8EB /* NPStroke.m */,
			);
			path = Models;
			sourceTree = "<group>";
		};
		F6685F0720A45EB80052F8EB /* Supportings */ = {
			isa = PBXGroup;
			children = (
				F6685F0920A45F7F0052F8EB /* Utils.swift */,
				F6685F0820A45EB80052F8EB /* CLORenderExperiment-Bridging-Header.h */,
			);
			path = Supportings;
			sourceTree = "<group>";
		};
		F6E326C220B54BDE00C39452 /* INRenderer */ = {
			isa = PBXGroup;
			children = (
				F612240620CA06C100B7277A /* CGMath.swift */,
				F6E326CF20B6FAB400C39452 /* Simplify.swift */,
				F6E326C720B581D500C39452 /* INRenderUtils.swift */,
				F6E326C320B54BF900C39452 /* INRenderProtocol.swift */,
				F6E326C520B54C4800C39452 /* INFountainRender.swift */,
				F6E326CB20B59A9D00C39452 /* INNeonRender.swift */,
				F6E326CD20B5A16F00C39452 /* INNeoPenRender.swift */,
				F6076E9320B64F0900FA708F /* INDotCircleRender.swift */,
			);
			path = INRenderer;
			sourceTree = "<group>";
		};
/* End PBXGroup section */

/* Begin PBXNativeTarget section */
		F6685EB220A45D0D0052F8EB /* CLORenderExperiment */ = {
			isa = PBXNativeTarget;
			buildConfigurationList = F6685EDB20A45D0E0052F8EB /* Build configuration list for PBXNativeTarget "CLORenderExperiment" */;
			buildPhases = (
				73430B05B79E85F431144FAD /* [CP] Check Pods Manifest.lock */,
				F6685EAF20A45D0D0052F8EB /* Sources */,
				F6685EB020A45D0D0052F8EB /* Frameworks */,
				F6685EB120A45D0D0052F8EB /* Resources */,
				871461E9BA314AF1C8AC349E /* [CP] Embed Pods Frameworks */,
			);
			buildRules = (
			);
			dependencies = (
			);
			name = CLORenderExperiment;
			productName = CLORenderExperiment;
			productReference = F6685EB320A45D0D0052F8EB /* CLORenderExperiment.app */;
			productType = "com.apple.product-type.application";
		};
		F6685EC620A45D0E0052F8EB /* CLORenderExperimentTests */ = {
			isa = PBXNativeTarget;
			buildConfigurationList = F6685EDE20A45D0E0052F8EB /* Build configuration list for PBXNativeTarget "CLORenderExperimentTests" */;
			buildPhases = (
				F6685EC320A45D0E0052F8EB /* Sources */,
				F6685EC420A45D0E0052F8EB /* Frameworks */,
				F6685EC520A45D0E0052F8EB /* Resources */,
			);
			buildRules = (
			);
			dependencies = (
				F6685EC920A45D0E0052F8EB /* PBXTargetDependency */,
			);
			name = CLORenderExperimentTests;
			productName = CLORenderExperimentTests;
			productReference = F6685EC720A45D0E0052F8EB /* CLORenderExperimentTests.xctest */;
			productType = "com.apple.product-type.bundle.unit-test";
		};
		F6685ED120A45D0E0052F8EB /* CLORenderExperimentUITests */ = {
			isa = PBXNativeTarget;
			buildConfigurationList = F6685EE120A45D0E0052F8EB /* Build configuration list for PBXNativeTarget "CLORenderExperimentUITests" */;
			buildPhases = (
				F6685ECE20A45D0E0052F8EB /* Sources */,
				F6685ECF20A45D0E0052F8EB /* Frameworks */,
				F6685ED020A45D0E0052F8EB /* Resources */,
			);
			buildRules = (
			);
			dependencies = (
				F6685ED420A45D0E0052F8EB /* PBXTargetDependency */,
			);
			name = CLORenderExperimentUITests;
			productName = CLORenderExperimentUITests;
			productReference = F6685ED220A45D0E0052F8EB /* CLORenderExperimentUITests.xctest */;
			productType = "com.apple.product-type.bundle.ui-testing";
		};
/* End PBXNativeTarget section */

/* Begin PBXProject section */
		F6685EAB20A45D0D0052F8EB /* Project object */ = {
			isa = PBXProject;
			attributes = {
				LastSwiftUpdateCheck = 0930;
				LastUpgradeCheck = 0930;
				ORGANIZATIONNAME = "Sang Nam";
				TargetAttributes = {
					F6685EB220A45D0D0052F8EB = {
						CreatedOnToolsVersion = 9.3;
					};
					F6685EC620A45D0E0052F8EB = {
						CreatedOnToolsVersion = 9.3;
						TestTargetID = F6685EB220A45D0D0052F8EB;
					};
					F6685ED120A45D0E0052F8EB = {
						CreatedOnToolsVersion = 9.3;
						TestTargetID = F6685EB220A45D0D0052F8EB;
					};
				};
			};
			buildConfigurationList = F6685EAE20A45D0D0052F8EB /* Build configuration list for PBXProject "CLORenderExperiment" */;
			compatibilityVersion = "Xcode 9.3";
			developmentRegion = en;
			hasScannedForEncodings = 0;
			knownRegions = (
				en,
				Base,
			);
			mainGroup = F6685EAA20A45D0D0052F8EB;
			productRefGroup = F6685EB420A45D0D0052F8EB /* Products */;
			projectDirPath = "";
			projectRoot = "";
			targets = (
				F6685EB220A45D0D0052F8EB /* CLORenderExperiment */,
				F6685EC620A45D0E0052F8EB /* CLORenderExperimentTests */,
				F6685ED120A45D0E0052F8EB /* CLORenderExperimentUITests */,
			);
		};
/* End PBXProject section */

/* Begin PBXResourcesBuildPhase section */
		F6685EB120A45D0D0052F8EB /* Resources */ = {
			isa = PBXResourcesBuildPhase;
			buildActionMask = 2147483647;
			files = (
				F6685EC120A45D0E0052F8EB /* LaunchScreen.storyboard in Resources */,
				F6685EBE20A45D0E0052F8EB /* Assets.xcassets in Resources */,
				F6685EBC20A45D0D0052F8EB /* Main.storyboard in Resources */,
			);
			runOnlyForDeploymentPostprocessing = 0;
		};
		F6685EC520A45D0E0052F8EB /* Resources */ = {
			isa = PBXResourcesBuildPhase;
			buildActionMask = 2147483647;
			files = (
			);
			runOnlyForDeploymentPostprocessing = 0;
		};
		F6685ED020A45D0E0052F8EB /* Resources */ = {
			isa = PBXResourcesBuildPhase;
			buildActionMask = 2147483647;
			files = (
			);
			runOnlyForDeploymentPostprocessing = 0;
		};
/* End PBXResourcesBuildPhase section */

/* Begin PBXShellScriptBuildPhase section */
		73430B05B79E85F431144FAD /* [CP] Check Pods Manifest.lock */ = {
			isa = PBXShellScriptBuildPhase;
			buildActionMask = 2147483647;
			files = (
			);
			inputPaths = (
				"${PODS_PODFILE_DIR_PATH}/Podfile.lock",
				"${PODS_ROOT}/Manifest.lock",
			);
			name = "[CP] Check Pods Manifest.lock";
			outputPaths = (
				"$(DERIVED_FILE_DIR)/Pods-CLORenderExperiment-checkManifestLockResult.txt",
			);
			runOnlyForDeploymentPostprocessing = 0;
			shellPath = /bin/sh;
			shellScript = "diff \"${PODS_PODFILE_DIR_PATH}/Podfile.lock\" \"${PODS_ROOT}/Manifest.lock\" > /dev/null\nif [ $? != 0 ] ; then\n    # print error to STDERR\n    echo \"error: The sandbox is not in sync with the Podfile.lock. Run 'pod install' or update your CocoaPods installation.\" >&2\n    exit 1\nfi\n# This output is used by Xcode 'outputs' to avoid re-running this script phase.\necho \"SUCCESS\" > \"${SCRIPT_OUTPUT_FILE_0}\"\n";
			showEnvVarsInLog = 0;
		};
		871461E9BA314AF1C8AC349E /* [CP] Embed Pods Frameworks */ = {
			isa = PBXShellScriptBuildPhase;
			buildActionMask = 2147483647;
			files = (
			);
			inputPaths = (
				"${SRCROOT}/Pods/Target Support Files/Pods-CLORenderExperiment/Pods-CLORenderExperiment-frameworks.sh",
				"${BUILT_PRODUCTS_DIR}/BAFluidView/BAFluidView.framework",
				"${BUILT_PRODUCTS_DIR}/MBProgressHUD/MBProgressHUD.framework",
				"${BUILT_PRODUCTS_DIR}/zipzap/zipzap.framework",
			);
			name = "[CP] Embed Pods Frameworks";
			outputPaths = (
				"${TARGET_BUILD_DIR}/${FRAMEWORKS_FOLDER_PATH}/BAFluidView.framework",
				"${TARGET_BUILD_DIR}/${FRAMEWORKS_FOLDER_PATH}/MBProgressHUD.framework",
				"${TARGET_BUILD_DIR}/${FRAMEWORKS_FOLDER_PATH}/zipzap.framework",
			);
			runOnlyForDeploymentPostprocessing = 0;
			shellPath = /bin/sh;
			shellScript = "\"${SRCROOT}/Pods/Target Support Files/Pods-CLORenderExperiment/Pods-CLORenderExperiment-frameworks.sh\"\n";
			showEnvVarsInLog = 0;
		};
/* End PBXShellScriptBuildPhase section */

/* Begin PBXSourcesBuildPhase section */
		F6685EAF20A45D0D0052F8EB /* Sources */ = {
			isa = PBXSourcesBuildPhase;
			buildActionMask = 2147483647;
			files = (
				F6685F0420A45DDA0052F8EB /* NPDotChecker.m in Sources */,
				F644B67820B7B7F10047136C /* TransformTestViewController.swift in Sources */,
				F6685EEF20A45DB40052F8EB /* INStroke.swift in Sources */,
				F6685EB920A45D0D0052F8EB /* ViewController.swift in Sources */,
				F6076E9120B6489C00FA708F /* DBModel.xcdatamodeld in Sources */,
				F6076E9420B64F0900FA708F /* INDotCircleRender.swift in Sources */,
				F6E326CE20B5A16F00C39452 /* INNeoPenRender.swift in Sources */,
				F6685EEE20A45DB40052F8EB /* INPage.swift in Sources */,
				F6685F0620A45E230052F8EB /* INDot.swift in Sources */,
				F6076E9220B6489C00FA708F /* PTDBManager.swift in Sources */,
				F6E326C420B54BF900C39452 /* INRenderProtocol.swift in Sources */,
				F64BEE5920AC85F100525E2F /* SliderViewController.swift in Sources */,
				F6685F0A20A45F7F0052F8EB /* Utils.swift in Sources */,
				F6685F0C20A460E70052F8EB /* INPageMeta.swift in Sources */,
				F6E326C620B54C4800C39452 /* INFountainRender.swift in Sources */,
				F6E326C820B581D500C39452 /* INRenderUtils.swift in Sources */,
				F6685EB720A45D0D0052F8EB /* AppDelegate.swift in Sources */,
				F612240720CA06C100B7277A /* CGMath.swift in Sources */,
				F6281FE220E489FE0004BA1C /* INSelectionView.swift in Sources */,
				F6685F0320A45DDA0052F8EB /* NPCommParser.m in Sources */,
				F6E326CC20B59A9D00C39452 /* INNeonRender.swift in Sources */,
				F6076E8A20B645F400FA708F /* PTPenRegisterViewController.swift in Sources */,
				F6076E9820B680FD00FA708F /* SettingStore.swift in Sources */,
				F6685EE720A45D580052F8EB /* INPageScrollView.swift in Sources */,
				F64BEE5720AC5CBC00525E2F /* INPageView.swift in Sources */,
				F6685EED20A45DB40052F8EB /* INDocument.swift in Sources */,
				F6685F0020A45DDA0052F8EB /* NPPenRegInfo.m in Sources */,
				F6685EFF20A45DDA0052F8EB /* NPDot.m in Sources */,
				F6E326D020B6FAB500C39452 /* Simplify.swift in Sources */,
				F6685F0220A45DDA0052F8EB /* NPCommManager.m in Sources */,
				F6685F0120A45DDA0052F8EB /* NPStroke.m in Sources */,
			);
			runOnlyForDeploymentPostprocessing = 0;
		};
		F6685EC320A45D0E0052F8EB /* Sources */ = {
			isa = PBXSourcesBuildPhase;
			buildActionMask = 2147483647;
			files = (
			);
			runOnlyForDeploymentPostprocessing = 0;
		};
		F6685ECE20A45D0E0052F8EB /* Sources */ = {
			isa = PBXSourcesBuildPhase;
			buildActionMask = 2147483647;
			files = (
			);
			runOnlyForDeploymentPostprocessing = 0;
		};
/* End PBXSourcesBuildPhase section */

/* Begin PBXTargetDependency section */
		F6685EC920A45D0E0052F8EB /* PBXTargetDependency */ = {
			isa = PBXTargetDependency;
			target = F6685EB220A45D0D0052F8EB /* CLORenderExperiment */;
			targetProxy = F6685EC820A45D0E0052F8EB /* PBXContainerItemProxy */;
		};
		F6685ED420A45D0E0052F8EB /* PBXTargetDependency */ = {
			isa = PBXTargetDependency;
			target = F6685EB220A45D0D0052F8EB /* CLORenderExperiment */;
			targetProxy = F6685ED320A45D0E0052F8EB /* PBXContainerItemProxy */;
		};
/* End PBXTargetDependency section */

/* Begin PBXVariantGroup section */
		F6685EBA20A45D0D0052F8EB /* Main.storyboard */ = {
			isa = PBXVariantGroup;
			children = (
				F6685EBB20A45D0D0052F8EB /* Base */,
			);
			name = Main.storyboard;
			sourceTree = "<group>";
		};
		F6685EBF20A45D0E0052F8EB /* LaunchScreen.storyboard */ = {
			isa = PBXVariantGroup;
			children = (
				F6685EC020A45D0E0052F8EB /* Base */,
			);
			name = LaunchScreen.storyboard;
			sourceTree = "<group>";
		};
/* End PBXVariantGroup section */

/* Begin XCBuildConfiguration section */
		F6685ED920A45D0E0052F8EB /* Debug */ = {
			isa = XCBuildConfiguration;
			buildSettings = {
				ALWAYS_SEARCH_USER_PATHS = NO;
				CLANG_ANALYZER_NONNULL = YES;
				CLANG_ANALYZER_NUMBER_OBJECT_CONVERSION = YES_AGGRESSIVE;
				CLANG_CXX_LANGUAGE_STANDARD = "gnu++14";
				CLANG_CXX_LIBRARY = "libc++";
				CLANG_ENABLE_MODULES = YES;
				CLANG_ENABLE_OBJC_ARC = YES;
				CLANG_ENABLE_OBJC_WEAK = YES;
				CLANG_WARN_BLOCK_CAPTURE_AUTORELEASING = YES;
				CLANG_WARN_BOOL_CONVERSION = YES;
				CLANG_WARN_COMMA = YES;
				CLANG_WARN_CONSTANT_CONVERSION = YES;
				CLANG_WARN_DEPRECATED_OBJC_IMPLEMENTATIONS = YES;
				CLANG_WARN_DIRECT_OBJC_ISA_USAGE = YES_ERROR;
				CLANG_WARN_DOCUMENTATION_COMMENTS = YES;
				CLANG_WARN_EMPTY_BODY = YES;
				CLANG_WARN_ENUM_CONVERSION = YES;
				CLANG_WARN_INFINITE_RECURSION = YES;
				CLANG_WARN_INT_CONVERSION = YES;
				CLANG_WARN_NON_LITERAL_NULL_CONVERSION = YES;
				CLANG_WARN_OBJC_IMPLICIT_RETAIN_SELF = YES;
				CLANG_WARN_OBJC_LITERAL_CONVERSION = YES;
				CLANG_WARN_OBJC_ROOT_CLASS = YES_ERROR;
				CLANG_WARN_RANGE_LOOP_ANALYSIS = YES;
				CLANG_WARN_STRICT_PROTOTYPES = YES;
				CLANG_WARN_SUSPICIOUS_MOVE = YES;
				CLANG_WARN_UNGUARDED_AVAILABILITY = YES_AGGRESSIVE;
				CLANG_WARN_UNREACHABLE_CODE = YES;
				CLANG_WARN__DUPLICATE_METHOD_MATCH = YES;
				CODE_SIGN_IDENTITY = "iPhone Developer";
				COPY_PHASE_STRIP = NO;
				DEBUG_INFORMATION_FORMAT = dwarf;
				ENABLE_STRICT_OBJC_MSGSEND = YES;
				ENABLE_TESTABILITY = YES;
				GCC_C_LANGUAGE_STANDARD = gnu11;
				GCC_DYNAMIC_NO_PIC = NO;
				GCC_NO_COMMON_BLOCKS = YES;
				GCC_OPTIMIZATION_LEVEL = 0;
				GCC_PREPROCESSOR_DEFINITIONS = (
					"DEBUG=1",
					"$(inherited)",
				);
				GCC_WARN_64_TO_32_BIT_CONVERSION = YES;
				GCC_WARN_ABOUT_RETURN_TYPE = YES_ERROR;
				GCC_WARN_UNDECLARED_SELECTOR = YES;
				GCC_WARN_UNINITIALIZED_AUTOS = YES_AGGRESSIVE;
				GCC_WARN_UNUSED_FUNCTION = YES;
				GCC_WARN_UNUSED_VARIABLE = YES;
				IPHONEOS_DEPLOYMENT_TARGET = 11.3;
				MTL_ENABLE_DEBUG_INFO = YES;
				ONLY_ACTIVE_ARCH = YES;
				SDKROOT = iphoneos;
				SWIFT_ACTIVE_COMPILATION_CONDITIONS = DEBUG;
				SWIFT_OPTIMIZATION_LEVEL = "-Onone";
			};
			name = Debug;
		};
		F6685EDA20A45D0E0052F8EB /* Release */ = {
			isa = XCBuildConfiguration;
			buildSettings = {
				ALWAYS_SEARCH_USER_PATHS = NO;
				CLANG_ANALYZER_NONNULL = YES;
				CLANG_ANALYZER_NUMBER_OBJECT_CONVERSION = YES_AGGRESSIVE;
				CLANG_CXX_LANGUAGE_STANDARD = "gnu++14";
				CLANG_CXX_LIBRARY = "libc++";
				CLANG_ENABLE_MODULES = YES;
				CLANG_ENABLE_OBJC_ARC = YES;
				CLANG_ENABLE_OBJC_WEAK = YES;
				CLANG_WARN_BLOCK_CAPTURE_AUTORELEASING = YES;
				CLANG_WARN_BOOL_CONVERSION = YES;
				CLANG_WARN_COMMA = YES;
				CLANG_WARN_CONSTANT_CONVERSION = YES;
				CLANG_WARN_DEPRECATED_OBJC_IMPLEMENTATIONS = YES;
				CLANG_WARN_DIRECT_OBJC_ISA_USAGE = YES_ERROR;
				CLANG_WARN_DOCUMENTATION_COMMENTS = YES;
				CLANG_WARN_EMPTY_BODY = YES;
				CLANG_WARN_ENUM_CONVERSION = YES;
				CLANG_WARN_INFINITE_RECURSION = YES;
				CLANG_WARN_INT_CONVERSION = YES;
				CLANG_WARN_NON_LITERAL_NULL_CONVERSION = YES;
				CLANG_WARN_OBJC_IMPLICIT_RETAIN_SELF = YES;
				CLANG_WARN_OBJC_LITERAL_CONVERSION = YES;
				CLANG_WARN_OBJC_ROOT_CLASS = YES_ERROR;
				CLANG_WARN_RANGE_LOOP_ANALYSIS = YES;
				CLANG_WARN_STRICT_PROTOTYPES = YES;
				CLANG_WARN_SUSPICIOUS_MOVE = YES;
				CLANG_WARN_UNGUARDED_AVAILABILITY = YES_AGGRESSIVE;
				CLANG_WARN_UNREACHABLE_CODE = YES;
				CLANG_WARN__DUPLICATE_METHOD_MATCH = YES;
				CODE_SIGN_IDENTITY = "iPhone Developer";
				COPY_PHASE_STRIP = NO;
				DEBUG_INFORMATION_FORMAT = "dwarf-with-dsym";
				ENABLE_NS_ASSERTIONS = NO;
				ENABLE_STRICT_OBJC_MSGSEND = YES;
				GCC_C_LANGUAGE_STANDARD = gnu11;
				GCC_NO_COMMON_BLOCKS = YES;
				GCC_WARN_64_TO_32_BIT_CONVERSION = YES;
				GCC_WARN_ABOUT_RETURN_TYPE = YES_ERROR;
				GCC_WARN_UNDECLARED_SELECTOR = YES;
				GCC_WARN_UNINITIALIZED_AUTOS = YES_AGGRESSIVE;
				GCC_WARN_UNUSED_FUNCTION = YES;
				GCC_WARN_UNUSED_VARIABLE = YES;
				IPHONEOS_DEPLOYMENT_TARGET = 11.3;
				MTL_ENABLE_DEBUG_INFO = NO;
				SDKROOT = iphoneos;
				SWIFT_COMPILATION_MODE = wholemodule;
				SWIFT_OPTIMIZATION_LEVEL = "-O";
				VALIDATE_PRODUCT = YES;
			};
			name = Release;
		};
		F6685EDC20A45D0E0052F8EB /* Debug */ = {
			isa = XCBuildConfiguration;
			baseConfigurationReference = 116DEF0F86F5FD322C2156E9 /* Pods-CLORenderExperiment.debug.xcconfig */;
			buildSettings = {
				ASSETCATALOG_COMPILER_APPICON_NAME = AppIcon;
				CODE_SIGN_STYLE = Automatic;
				DEVELOPMENT_TEAM = 67QWTQV4PL;
				INFOPLIST_FILE = CLORenderExperiment/Info.plist;
				LD_RUNPATH_SEARCH_PATHS = (
					"$(inherited)",
					"@executable_path/Frameworks",
				);
				PRODUCT_BUNDLE_IDENTIFIER = com.namssan.CLORenderExperiment;
				PRODUCT_NAME = "$(TARGET_NAME)";
				SWIFT_OBJC_BRIDGING_HEADER = "CLORenderExperiment/Supportings/CLORenderExperiment-Bridging-Header.h";
				SWIFT_VERSION = 4.0;
				TARGETED_DEVICE_FAMILY = "1,2";
			};
			name = Debug;
		};
		F6685EDD20A45D0E0052F8EB /* Release */ = {
			isa = XCBuildConfiguration;
			baseConfigurationReference = C21E6C28A8530D8D12B41963 /* Pods-CLORenderExperiment.release.xcconfig */;
			buildSettings = {
				ASSETCATALOG_COMPILER_APPICON_NAME = AppIcon;
				CODE_SIGN_STYLE = Automatic;
				DEVELOPMENT_TEAM = 67QWTQV4PL;
				INFOPLIST_FILE = CLORenderExperiment/Info.plist;
				LD_RUNPATH_SEARCH_PATHS = (
					"$(inherited)",
					"@executable_path/Frameworks",
				);
				PRODUCT_BUNDLE_IDENTIFIER = com.namssan.CLORenderExperiment;
				PRODUCT_NAME = "$(TARGET_NAME)";
				SWIFT_OBJC_BRIDGING_HEADER = "CLORenderExperiment/Supportings/CLORenderExperiment-Bridging-Header.h";
				SWIFT_VERSION = 4.0;
				TARGETED_DEVICE_FAMILY = "1,2";
			};
			name = Release;
		};
		F6685EDF20A45D0E0052F8EB /* Debug */ = {
			isa = XCBuildConfiguration;
			buildSettings = {
				ALWAYS_EMBED_SWIFT_STANDARD_LIBRARIES = YES;
				BUNDLE_LOADER = "$(TEST_HOST)";
				CODE_SIGN_STYLE = Automatic;
				DEVELOPMENT_TEAM = 67QWTQV4PL;
				INFOPLIST_FILE = CLORenderExperimentTests/Info.plist;
				LD_RUNPATH_SEARCH_PATHS = (
					"$(inherited)",
					"@executable_path/Frameworks",
					"@loader_path/Frameworks",
				);
				PRODUCT_BUNDLE_IDENTIFIER = com.namssan.CLORenderExperimentTests;
				PRODUCT_NAME = "$(TARGET_NAME)";
				SWIFT_VERSION = 4.0;
				TARGETED_DEVICE_FAMILY = "1,2";
				TEST_HOST = "$(BUILT_PRODUCTS_DIR)/CLORenderExperiment.app/CLORenderExperiment";
			};
			name = Debug;
		};
		F6685EE020A45D0E0052F8EB /* Release */ = {
			isa = XCBuildConfiguration;
			buildSettings = {
				ALWAYS_EMBED_SWIFT_STANDARD_LIBRARIES = YES;
				BUNDLE_LOADER = "$(TEST_HOST)";
				CODE_SIGN_STYLE = Automatic;
				DEVELOPMENT_TEAM = 67QWTQV4PL;
				INFOPLIST_FILE = CLORenderExperimentTests/Info.plist;
				LD_RUNPATH_SEARCH_PATHS = (
					"$(inherited)",
					"@executable_path/Frameworks",
					"@loader_path/Frameworks",
				);
				PRODUCT_BUNDLE_IDENTIFIER = com.namssan.CLORenderExperimentTests;
				PRODUCT_NAME = "$(TARGET_NAME)";
				SWIFT_VERSION = 4.0;
				TARGETED_DEVICE_FAMILY = "1,2";
				TEST_HOST = "$(BUILT_PRODUCTS_DIR)/CLORenderExperiment.app/CLORenderExperiment";
			};
			name = Release;
		};
		F6685EE220A45D0E0052F8EB /* Debug */ = {
			isa = XCBuildConfiguration;
			buildSettings = {
				ALWAYS_EMBED_SWIFT_STANDARD_LIBRARIES = YES;
				CODE_SIGN_STYLE = Automatic;
				DEVELOPMENT_TEAM = 67QWTQV4PL;
				INFOPLIST_FILE = CLORenderExperimentUITests/Info.plist;
				LD_RUNPATH_SEARCH_PATHS = (
					"$(inherited)",
					"@executable_path/Frameworks",
					"@loader_path/Frameworks",
				);
				PRODUCT_BUNDLE_IDENTIFIER = com.namssan.CLORenderExperimentUITests;
				PRODUCT_NAME = "$(TARGET_NAME)";
				SWIFT_VERSION = 4.0;
				TARGETED_DEVICE_FAMILY = "1,2";
				TEST_TARGET_NAME = CLORenderExperiment;
			};
			name = Debug;
		};
		F6685EE320A45D0E0052F8EB /* Release */ = {
			isa = XCBuildConfiguration;
			buildSettings = {
				ALWAYS_EMBED_SWIFT_STANDARD_LIBRARIES = YES;
				CODE_SIGN_STYLE = Automatic;
				DEVELOPMENT_TEAM = 67QWTQV4PL;
				INFOPLIST_FILE = CLORenderExperimentUITests/Info.plist;
				LD_RUNPATH_SEARCH_PATHS = (
					"$(inherited)",
					"@executable_path/Frameworks",
					"@loader_path/Frameworks",
				);
				PRODUCT_BUNDLE_IDENTIFIER = com.namssan.CLORenderExperimentUITests;
				PRODUCT_NAME = "$(TARGET_NAME)";
				SWIFT_VERSION = 4.0;
				TARGETED_DEVICE_FAMILY = "1,2";
				TEST_TARGET_NAME = CLORenderExperiment;
			};
			name = Release;
		};
/* End XCBuildConfiguration section */

/* Begin XCConfigurationList section */
		F6685EAE20A45D0D0052F8EB /* Build configuration list for PBXProject "CLORenderExperiment" */ = {
			isa = XCConfigurationList;
			buildConfigurations = (
				F6685ED920A45D0E0052F8EB /* Debug */,
				F6685EDA20A45D0E0052F8EB /* Release */,
			);
			defaultConfigurationIsVisible = 0;
			defaultConfigurationName = Release;
		};
		F6685EDB20A45D0E0052F8EB /* Build configuration list for PBXNativeTarget "CLORenderExperiment" */ = {
			isa = XCConfigurationList;
			buildConfigurations = (
				F6685EDC20A45D0E0052F8EB /* Debug */,
				F6685EDD20A45D0E0052F8EB /* Release */,
			);
			defaultConfigurationIsVisible = 0;
			defaultConfigurationName = Release;
		};
		F6685EDE20A45D0E0052F8EB /* Build configuration list for PBXNativeTarget "CLORenderExperimentTests" */ = {
			isa = XCConfigurationList;
			buildConfigurations = (
				F6685EDF20A45D0E0052F8EB /* Debug */,
				F6685EE020A45D0E0052F8EB /* Release */,
			);
			defaultConfigurationIsVisible = 0;
			defaultConfigurationName = Release;
		};
		F6685EE120A45D0E0052F8EB /* Build configuration list for PBXNativeTarget "CLORenderExperimentUITests" */ = {
			isa = XCConfigurationList;
			buildConfigurations = (
				F6685EE220A45D0E0052F8EB /* Debug */,
				F6685EE320A45D0E0052F8EB /* Release */,
			);
			defaultConfigurationIsVisible = 0;
			defaultConfigurationName = Release;
		};
/* End XCConfigurationList section */

/* Begin XCVersionGroup section */
		F6076E8E20B6489B00FA708F /* DBModel.xcdatamodeld */ = {
			isa = XCVersionGroup;
			children = (
				F6076E8F20B6489B00FA708F /* DBModel.xcdatamodel */,
			);
			currentVersion = F6076E8F20B6489B00FA708F /* DBModel.xcdatamodel */;
			path = DBModel.xcdatamodeld;
			sourceTree = "<group>";
			versionGroupType = wrapper.xcdatamodel;
		};
/* End XCVersionGroup section */
	};
	rootObject = F6685EAB20A45D0D0052F8EB /* Project object */;
}
